{
  "requires": true,
  "lockfileVersion": 1,
  "dependencies": {
    "git-cz": {
      "version": "4.8.0",
      "resolved": "https://registry.npmjs.org/git-cz/-/git-cz-4.8.0.tgz",
      "integrity": "sha512-2muVkIcT6cT/9eXuxztlKQSRiOy/oHhFldCySOi1xuRJ9T5yHlg3SRQhVLoY9BVu9kxSE3YcHYp0KgQW0vUf4A=="
    }
  }
}
